
Microsoft Visual Studio Solution File, Format Version 12.00
# Visual Studio Version 17
VisualStudioVersion = 17.10.35027.167
MinimumVisualStudioVersion = 10.0.40219.1
Project("{FAE04EC0-301F-11D3-BF4B-00C04F79EFBC}") = "logicAndLoops", "logicAndLoops\logicAndLoops.csproj", "{EF0FADFD-0330-4F1B-9542-EEA52122668C}"
EndProject
Global
	GlobalSection(SolutionConfigurationPlatforms) = preSolution
		Debug|Any CPU = Debug|Any CPU
		Release|Any CPU = Release|Any CPU
	EndGlobalSection
	GlobalSection(ProjectConfigurationPlatforms) = postSolution
		{EF0FADFD-0330-4F1B-9542-EEA52122668C}.Debug|Any CPU.ActiveCfg = Debug|Any CPU
		{EF0FADFD-0330-4F1B-9542-EEA52122668C}.Debug|Any CPU.Build.0 = Debug|Any CPU
		{EF0FADFD-0330-4F1B-9542-EEA52122668C}.Release|Any CPU.ActiveCfg = Release|Any CPU
		{EF0FADFD-0330-4F1B-9542-EEA52122668C}.Release|Any CPU.Build.0 = Release|Any CPU
	EndGlobalSection
	GlobalSection(SolutionProperties) = preSolution
		HideSolutionNode = FALSE
	EndGlobalSection
	GlobalSection(ExtensibilityGlobals) = postSolution
		SolutionGuid = {033190D8-9EE7-4C2A-ACD4-B2CC14993B86}
	EndGlobalSection
EndGlobal
